{
  "name": "typescript",
  "lockfileVersion": 3,
  "requires": true,
  "packages": {
    "": {
      "dependencies": {
        "corepack": "^0.30.0"
      }
    },
    "node_modules/corepack": {
      "version": "0.30.0",
      "resolved": "https://registry.npmjs.org/corepack/-/corepack-0.30.0.tgz",
      "integrity": "sha512-3SAVNBTaKpq9DPyM9m8dfrSRDF5B5TAs4obZWUtvsc1YnGF03IEJNo0dILPYcGpb3K+hcSWQsLKveGifX7hmLw==",
      "bin": {
        "corepack": "dist/corepack.js",
        "pnpm": "dist/pnpm.js",
        "pnpx": "dist/pnpx.js",
        "yarn": "dist/yarn.js",
        "yarnpkg": "dist/yarnpkg.js"
      },
      "engines": {
        "node": "^18.17.1 || >=20.10.0"
      }
    }
  }
}
